
Microsoft Visual Studio Solution File, Format Version 12.00
# Visual Studio 15
VisualStudioVersion = 15.0.27428.2037
MinimumVisualStudioVersion = 10.0.40219.1
Project("{FAE04EC0-301F-11D3-BF4B-00C04F79EFBC}") = "Shape_Detect", "Shape_Detect\Shape_Detect.csproj", "{0BB3B9DC-2759-44D9-BAC4-E8D4884EFCD1}"
EndProject
Global
	GlobalSection(SolutionConfigurationPlatforms) = preSolution
		Debug|Any CPU = Debug|Any CPU
		Release|Any CPU = Release|Any CPU
	EndGlobalSection
	GlobalSection(ProjectConfigurationPlatforms) = postSolution
		{0BB3B9DC-2759-44D9-BAC4-E8D4884EFCD1}.Debug|Any CPU.ActiveCfg = Debug|Any CPU
		{0BB3B9DC-2759-44D9-BAC4-E8D4884EFCD1}.Debug|Any CPU.Build.0 = Debug|Any CPU
		{0BB3B9DC-2759-44D9-BAC4-E8D4884EFCD1}.Release|Any CPU.ActiveCfg = Release|Any CPU
		{0BB3B9DC-2759-44D9-BAC4-E8D4884EFCD1}.Release|Any CPU.Build.0 = Release|Any CPU
	EndGlobalSection
	GlobalSection(SolutionProperties) = preSolution
		HideSolutionNode = FALSE
	EndGlobalSection
	GlobalSection(ExtensibilityGlobals) = postSolution
		SolutionGuid = {9391A42E-09CE-423C-960E-9062506F7AAA}
	EndGlobalSection
EndGlobal
